
Microsoft Visual Studio Solution File, Format Version 12.00
# Visual Studio 15
VisualStudioVersion = 15.0.28307.1500
MinimumVisualStudioVersion = 10.0.40219.1
Project("{FAE04EC0-301F-11D3-BF4B-00C04F79EFBC}") = "SerialPortTestConsole", "SerialPortTestConsole\SerialPortTestConsole.csproj", "{B60157BD-D4D5-427F-8F85-EB7532081243}"
EndProject
Project("{FAE04EC0-301F-11D3-BF4B-00C04F79EFBC}") = "SerialPortTestConsole.Tests", "SerialPortTestConsole.Tests\SerialPortTestConsole.Tests.csproj", "{CE45938A-FF28-4581-86A5-30B19EC3A26A}"
EndProject
Project("{FAE04EC0-301F-11D3-BF4B-00C04F79EFBC}") = "SerialPortTestGuiApp", "SerialPortTestGuiApp\SerialPortTestGuiApp.csproj", "{D8DD520E-8D08-4EFF-9007-A06E9A21AF9D}"
EndProject
Global
	GlobalSection(SolutionConfigurationPlatforms) = preSolution
		Debug|Any CPU = Debug|Any CPU
		Release|Any CPU = Release|Any CPU
	EndGlobalSection
	GlobalSection(ProjectConfigurationPlatforms) = postSolution
		{B60157BD-D4D5-427F-8F85-EB7532081243}.Debug|Any CPU.ActiveCfg = Debug|Any CPU
		{B60157BD-D4D5-427F-8F85-EB7532081243}.Debug|Any CPU.Build.0 = Debug|Any CPU
		{B60157BD-D4D5-427F-8F85-EB7532081243}.Release|Any CPU.ActiveCfg = Release|Any CPU
		{B60157BD-D4D5-427F-8F85-EB7532081243}.Release|Any CPU.Build.0 = Release|Any CPU
		{CE45938A-FF28-4581-86A5-30B19EC3A26A}.Debug|Any CPU.ActiveCfg = Debug|Any CPU
		{CE45938A-FF28-4581-86A5-30B19EC3A26A}.Debug|Any CPU.Build.0 = Debug|Any CPU
		{CE45938A-FF28-4581-86A5-30B19EC3A26A}.Release|Any CPU.ActiveCfg = Release|Any CPU
		{CE45938A-FF28-4581-86A5-30B19EC3A26A}.Release|Any CPU.Build.0 = Release|Any CPU
		{D8DD520E-8D08-4EFF-9007-A06E9A21AF9D}.Debug|Any CPU.ActiveCfg = Debug|Any CPU
		{D8DD520E-8D08-4EFF-9007-A06E9A21AF9D}.Debug|Any CPU.Build.0 = Debug|Any CPU
		{D8DD520E-8D08-4EFF-9007-A06E9A21AF9D}.Release|Any CPU.ActiveCfg = Release|Any CPU
		{D8DD520E-8D08-4EFF-9007-A06E9A21AF9D}.Release|Any CPU.Build.0 = Release|Any CPU
	EndGlobalSection
	GlobalSection(SolutionProperties) = preSolution
		HideSolutionNode = FALSE
	EndGlobalSection
	GlobalSection(ExtensibilityGlobals) = postSolution
		SolutionGuid = {DF149DA8-A0C9-44BB-826A-A0EE578C6D91}
	EndGlobalSection
EndGlobal
